
Microsoft Visual Studio Solution File, Format Version 12.00
# Visual Studio Version 17
VisualStudioVersion = 17.2.32630.192
MinimumVisualStudioVersion = 10.0.40219.1
Project("{FAE04EC0-301F-11D3-BF4B-00C04F79EFBC}") = "ToDoApp", "ToDoApp.csproj", "{9F4B609A-6E2C-49B2-B1C7-0802E6E0604F}"
EndProject
Global
	GlobalSection(SolutionConfigurationPlatforms) = preSolution
		Debug|Any CPU = Debug|Any CPU
		Release|Any CPU = Release|Any CPU
	EndGlobalSection
	GlobalSection(ProjectConfigurationPlatforms) = postSolution
		{9F4B609A-6E2C-49B2-B1C7-0802E6E0604F}.Debug|Any CPU.ActiveCfg = Debug|Any CPU
		{9F4B609A-6E2C-49B2-B1C7-0802E6E0604F}.Debug|Any CPU.Build.0 = Debug|Any CPU
		{9F4B609A-6E2C-49B2-B1C7-0802E6E0604F}.Release|Any CPU.ActiveCfg = Release|Any CPU
		{9F4B609A-6E2C-49B2-B1C7-0802E6E0604F}.Release|Any CPU.Build.0 = Release|Any CPU
	EndGlobalSection
	GlobalSection(SolutionProperties) = preSolution
		HideSolutionNode = FALSE
	EndGlobalSection
	GlobalSection(ExtensibilityGlobals) = postSolution
		SolutionGuid = {9BE4C47D-AB93-44A6-9FCD-AE05E8E3E0F3}
	EndGlobalSection
EndGlobal
